
Microsoft Visual Studio Solution File, Format Version 12.00
# Visual Studio Version 16
VisualStudioVersion = 16.0.29613.14
MinimumVisualStudioVersion = 10.0.40219.1
Project("{FAE04EC0-301F-11D3-BF4B-00C04F79EFBC}") = "ConsoleSHA2", "ConsoleSHA2\ConsoleSHA2.csproj", "{CBADEC81-E2AC-4901-B7F2-37F98E23025B}"
EndProject
Global
	GlobalSection(SolutionConfigurationPlatforms) = preSolution
		Debug|Any CPU = Debug|Any CPU
		Release|Any CPU = Release|Any CPU
	EndGlobalSection
	GlobalSection(ProjectConfigurationPlatforms) = postSolution
		{CBADEC81-E2AC-4901-B7F2-37F98E23025B}.Debug|Any CPU.ActiveCfg = Debug|Any CPU
		{CBADEC81-E2AC-4901-B7F2-37F98E23025B}.Debug|Any CPU.Build.0 = Debug|Any CPU
		{CBADEC81-E2AC-4901-B7F2-37F98E23025B}.Release|Any CPU.ActiveCfg = Release|Any CPU
		{CBADEC81-E2AC-4901-B7F2-37F98E23025B}.Release|Any CPU.Build.0 = Release|Any CPU
	EndGlobalSection
	GlobalSection(SolutionProperties) = preSolution
		HideSolutionNode = FALSE
	EndGlobalSection
	GlobalSection(ExtensibilityGlobals) = postSolution
		SolutionGuid = {7083ADC1-D094-47B1-BE16-381674994B99}
	EndGlobalSection
EndGlobal
